
Microsoft Visual Studio Solution File, Format Version 12.00
# Visual Studio Version 16
VisualStudioVersion = 16.0.29209.152
MinimumVisualStudioVersion = 10.0.40219.1
Project("{FAE04EC0-301F-11D3-BF4B-00C04F79EFBC}") = "CarouselViewChallenge.Android", "CarouselViewChallenge\CarouselViewChallenge.Android\CarouselViewChallenge.Android.csproj", "{A634DE77-6F68-4579-B55C-9D8C48A02685}"
EndProject
Project("{FAE04EC0-301F-11D3-BF4B-00C04F79EFBC}") = "CarouselViewChallenge.iOS", "CarouselViewChallenge\CarouselViewChallenge.iOS\CarouselViewChallenge.iOS.csproj", "{E981DF49-12EE-46EC-9F08-D3FC5F4FF693}"
EndProject
Project("{9A19103F-16F7-4668-BE54-9A1E7A4F7556}") = "CarouselViewChallenge", "CarouselViewChallenge\CarouselViewChallenge\CarouselViewChallenge.csproj", "{A9F8B9B3-719F-4F40-9044-924E7B921409}"
EndProject
Project("{FAE04EC0-301F-11D3-BF4B-00C04F79EFBC}") = "CarouselViewChallenge.UWP", "CarouselViewChallenge\CarouselViewChallenge.UWP\CarouselViewChallenge.UWP.csproj", "{A8A13D8D-89A9-416D-AE4F-300199D11ABA}"
EndProject
Global
	GlobalSection(SolutionConfigurationPlatforms) = preSolution
		Debug|Any CPU = Debug|Any CPU
		Debug|ARM = Debug|ARM
		Debug|iPhone = Debug|iPhone
		Debug|iPhoneSimulator = Debug|iPhoneSimulator
		Debug|x64 = Debug|x64
		Debug|x86 = Debug|x86
		Release|Any CPU = Release|Any CPU
		Release|ARM = Release|ARM
		Release|iPhone = Release|iPhone
		Release|iPhoneSimulator = Release|iPhoneSimulator
		Release|x64 = Release|x64
		Release|x86 = Release|x86
	EndGlobalSection
	GlobalSection(ProjectConfigurationPlatforms) = postSolution
		{A634DE77-6F68-4579-B55C-9D8C48A02685}.Debug|Any CPU.ActiveCfg = Debug|Any CPU
		{A634DE77-6F68-4579-B55C-9D8C48A02685}.Debug|Any CPU.Build.0 = Debug|Any CPU
		{A634DE77-6F68-4579-B55C-9D8C48A02685}.Debug|Any CPU.Deploy.0 = Debug|Any CPU
		{A634DE77-6F68-4579-B55C-9D8C48A02685}.Debug|ARM.ActiveCfg = Debug|Any CPU
		{A634DE77-6F68-4579-B55C-9D8C48A02685}.Debug|ARM.Build.0 = Debug|Any CPU
		{A634DE77-6F68-4579-B55C-9D8C48A02685}.Debug|ARM.Deploy.0 = Debug|Any CPU
		{A634DE77-6F68-4579-B55C-9D8C48A02685}.Debug|iPhone.ActiveCfg = Debug|Any CPU
		{A634DE77-6F68-4579-B55C-9D8C48A02685}.Debug|iPhone.Build.0 = Debug|Any CPU
		{A634DE77-6F68-4579-B55C-9D8C48A02685}.Debug|iPhone.Deploy.0 = Debug|Any CPU
		{A634DE77-6F68-4579-B55C-9D8C48A02685}.Debug|iPhoneSimulator.ActiveCfg = Debug|Any CPU
		{A634DE77-6F68-4579-B55C-9D8C48A02685}.Debug|iPhoneSimulator.Build.0 = Debug|Any CPU
		{A634DE77-6F68-4579-B55C-9D8C48A02685}.Debug|iPhoneSimulator.Deploy.0 = Debug|Any CPU
		{A634DE77-6F68-4579-B55C-9D8C48A02685}.Debug|x64.ActiveCfg = Debug|Any CPU
		{A634DE77-6F68-4579-B55C-9D8C48A02685}.Debug|x64.Build.0 = Debug|Any CPU
		{A634DE77-6F68-4579-B55C-9D8C48A02685}.Debug|x64.Deploy.0 = Debug|Any CPU
		{A634DE77-6F68-4579-B55C-9D8C48A02685}.Debug|x86.ActiveCfg = Debug|Any CPU
		{A634DE77-6F68-4579-B55C-9D8C48A02685}.Debug|x86.Build.0 = Debug|Any CPU
		{A634DE77-6F68-4579-B55C-9D8C48A02685}.Debug|x86.Deploy.0 = Debug|Any CPU
		{A634DE77-6F68-4579-B55C-9D8C48A02685}.Release|Any CPU.ActiveCfg = Release|Any CPU
		{A634DE77-6F68-4579-B55C-9D8C48A02685}.Release|Any CPU.Build.0 = Release|Any CPU
		{A634DE77-6F68-4579-B55C-9D8C48A02685}.Release|Any CPU.Deploy.0 = Release|Any CPU
		{A634DE77-6F68-4579-B55C-9D8C48A02685}.Release|ARM.ActiveCfg = Release|Any CPU
		{A634DE77-6F68-4579-B55C-9D8C48A02685}.Release|ARM.Build.0 = Release|Any CPU
		{A634DE77-6F68-4579-B55C-9D8C48A02685}.Release|ARM.Deploy.0 = Release|Any CPU
		{A634DE77-6F68-4579-B55C-9D8C48A02685}.Release|iPhone.ActiveCfg = Release|Any CPU
		{A634DE77-6F68-4579-B55C-9D8C48A02685}.Release|iPhone.Build.0 = Release|Any CPU
		{A634DE77-6F68-4579-B55C-9D8C48A02685}.Release|iPhone.Deploy.0 = Release|Any CPU
		{A634DE77-6F68-4579-B55C-9D8C48A02685}.Release|iPhoneSimulator.ActiveCfg = Release|Any CPU
		{A634DE77-6F68-4579-B55C-9D8C48A02685}.Release|iPhoneSimulator.Build.0 = Release|Any CPU
		{A634DE77-6F68-4579-B55C-9D8C48A02685}.Release|iPhoneSimulator.Deploy.0 = Release|Any CPU
		{A634DE77-6F68-4579-B55C-9D8C48A02685}.Release|x64.ActiveCfg = Release|Any CPU
		{A634DE77-6F68-4579-B55C-9D8C48A02685}.Release|x64.Build.0 = Release|Any CPU
		{A634DE77-6F68-4579-B55C-9D8C48A02685}.Release|x64.Deploy.0 = Release|Any CPU
		{A634DE77-6F68-4579-B55C-9D8C48A02685}.Release|x86.ActiveCfg = Release|Any CPU
		{A634DE77-6F68-4579-B55C-9D8C48A02685}.Release|x86.Build.0 = Release|Any CPU
		{A634DE77-6F68-4579-B55C-9D8C48A02685}.Release|x86.Deploy.0 = Release|Any CPU
		{E981DF49-12EE-46EC-9F08-D3FC5F4FF693}.Debug|Any CPU.ActiveCfg = Debug|iPhoneSimulator
		{E981DF49-12EE-46EC-9F08-D3FC5F4FF693}.Debug|Any CPU.Build.0 = Debug|iPhoneSimulator
		{E981DF49-12EE-46EC-9F08-D3FC5F4FF693}.Debug|Any CPU.Deploy.0 = Debug|iPhoneSimulator
		{E981DF49-12EE-46EC-9F08-D3FC5F4FF693}.Debug|ARM.ActiveCfg = Debug|iPhone
		{E981DF49-12EE-46EC-9F08-D3FC5F4FF693}.Debug|iPhone.ActiveCfg = Debug|iPhone
		{E981DF49-12EE-46EC-9F08-D3FC5F4FF693}.Debug|iPhone.Build.0 = Debug|iPhone
		{E981DF49-12EE-46EC-9F08-D3FC5F4FF693}.Debug|iPhone.Deploy.0 = Debug|iPhone
		{E981DF49-12EE-46EC-9F08-D3FC5F4FF693}.Debug|iPhoneSimulator.ActiveCfg = Debug|iPhoneSimulator
		{E981DF49-12EE-46EC-9F08-D3FC5F4FF693}.Debug|iPhoneSimulator.Build.0 = Debug|iPhoneSimulator
		{E981DF49-12EE-46EC-9F08-D3FC5F4FF693}.Debug|iPhoneSimulator.Deploy.0 = Debug|iPhoneSimulator
		{E981DF49-12EE-46EC-9F08-D3FC5F4FF693}.Debug|x64.ActiveCfg = Debug|iPhone
		{E981DF49-12EE-46EC-9F08-D3FC5F4FF693}.Debug|x86.ActiveCfg = Debug|iPhone
		{E981DF49-12EE-46EC-9F08-D3FC5F4FF693}.Release|Any CPU.ActiveCfg = Release|iPhone
		{E981DF49-12EE-46EC-9F08-D3FC5F4FF693}.Release|Any CPU.Build.0 = Release|iPhone
		{E981DF49-12EE-46EC-9F08-D3FC5F4FF693}.Release|Any CPU.Deploy.0 = Release|iPhone
		{E981DF49-12EE-46EC-9F08-D3FC5F4FF693}.Release|ARM.ActiveCfg = Release|iPhoneSimulator
		{E981DF49-12EE-46EC-9F08-D3FC5F4FF693}.Release|iPhone.ActiveCfg = Release|iPhone
		{E981DF49-12EE-46EC-9F08-D3FC5F4FF693}.Release|iPhone.Build.0 = Release|iPhone
		{E981DF49-12EE-46EC-9F08-D3FC5F4FF693}.Release|iPhone.Deploy.0 = Release|iPhone
		{E981DF49-12EE-46EC-9F08-D3FC5F4FF693}.Release|iPhoneSimulator.ActiveCfg = Release|iPhoneSimulator
		{E981DF49-12EE-46EC-9F08-D3FC5F4FF693}.Release|iPhoneSimulator.Build.0 = Release|iPhoneSimulator
		{E981DF49-12EE-46EC-9F08-D3FC5F4FF693}.Release|iPhoneSimulator.Deploy.0 = Release|iPhoneSimulator
		{E981DF49-12EE-46EC-9F08-D3FC5F4FF693}.Release|x64.ActiveCfg = Release|iPhoneSimulator
		{E981DF49-12EE-46EC-9F08-D3FC5F4FF693}.Release|x86.ActiveCfg = Release|iPhoneSimulator
		{A9F8B9B3-719F-4F40-9044-924E7B921409}.Debug|Any CPU.ActiveCfg = Debug|Any CPU
		{A9F8B9B3-719F-4F40-9044-924E7B921409}.Debug|Any CPU.Build.0 = Debug|Any CPU
		{A9F8B9B3-719F-4F40-9044-924E7B921409}.Debug|Any CPU.Deploy.0 = Debug|Any CPU
		{A9F8B9B3-719F-4F40-9044-924E7B921409}.Debug|ARM.ActiveCfg = Debug|Any CPU
		{A9F8B9B3-719F-4F40-9044-924E7B921409}.Debug|ARM.Build.0 = Debug|Any CPU
		{A9F8B9B3-719F-4F40-9044-924E7B921409}.Debug|iPhone.ActiveCfg = Debug|Any CPU
		{A9F8B9B3-719F-4F40-9044-924E7B921409}.Debug|iPhone.Build.0 = Debug|Any CPU
		{A9F8B9B3-719F-4F40-9044-924E7B921409}.Debug|iPhone.Deploy.0 = Debug|Any CPU
		{A9F8B9B3-719F-4F40-9044-924E7B921409}.Debug|iPhoneSimulator.ActiveCfg = Debug|Any CPU
		{A9F8B9B3-719F-4F40-9044-924E7B921409}.Debug|iPhoneSimulator.Build.0 = Debug|Any CPU
		{A9F8B9B3-719F-4F40-9044-924E7B921409}.Debug|iPhoneSimulator.Deploy.0 = Debug|Any CPU
		{A9F8B9B3-719F-4F40-9044-924E7B921409}.Debug|x64.ActiveCfg = Debug|Any CPU
		{A9F8B9B3-719F-4F40-9044-924E7B921409}.Debug|x64.Build.0 = Debug|Any CPU
		{A9F8B9B3-719F-4F40-9044-924E7B921409}.Debug|x86.ActiveCfg = Debug|Any CPU
		{A9F8B9B3-719F-4F40-9044-924E7B921409}.Debug|x86.Build.0 = Debug|Any CPU
		{A9F8B9B3-719F-4F40-9044-924E7B921409}.Release|Any CPU.ActiveCfg = Release|Any CPU
		{A9F8B9B3-719F-4F40-9044-924E7B921409}.Release|Any CPU.Build.0 = Release|Any CPU
		{A9F8B9B3-719F-4F40-9044-924E7B921409}.Release|Any CPU.Deploy.0 = Release|Any CPU
		{A9F8B9B3-719F-4F40-9044-924E7B921409}.Release|ARM.ActiveCfg = Release|Any CPU
		{A9F8B9B3-719F-4F40-9044-924E7B921409}.Release|ARM.Build.0 = Release|Any CPU
		{A9F8B9B3-719F-4F40-9044-924E7B921409}.Release|iPhone.ActiveCfg = Release|Any CPU
		{A9F8B9B3-719F-4F40-9044-924E7B921409}.Release|iPhone.Build.0 = Release|Any CPU
		{A9F8B9B3-719F-4F40-9044-924E7B921409}.Release|iPhone.Deploy.0 = Release|Any CPU
		{A9F8B9B3-719F-4F40-9044-924E7B921409}.Release|iPhoneSimulator.ActiveCfg = Release|Any CPU
		{A9F8B9B3-719F-4F40-9044-924E7B921409}.Release|iPhoneSimulator.Build.0 = Release|Any CPU
		{A9F8B9B3-719F-4F40-9044-924E7B921409}.Release|iPhoneSimulator.Deploy.0 = Release|Any CPU
		{A9F8B9B3-719F-4F40-9044-924E7B921409}.Release|x64.ActiveCfg = Release|Any CPU
		{A9F8B9B3-719F-4F40-9044-924E7B921409}.Release|x64.Build.0 = Release|Any CPU
		{A9F8B9B3-719F-4F40-9044-924E7B921409}.Release|x86.ActiveCfg = Release|Any CPU
		{A9F8B9B3-719F-4F40-9044-924E7B921409}.Release|x86.Build.0 = Release|Any CPU
		{A8A13D8D-89A9-416D-AE4F-300199D11ABA}.Debug|Any CPU.ActiveCfg = Debug|x86
		{A8A13D8D-89A9-416D-AE4F-300199D11ABA}.Debug|ARM.ActiveCfg = Debug|ARM
		{A8A13D8D-89A9-416D-AE4F-300199D11ABA}.Debug|ARM.Build.0 = Debug|ARM
		{A8A13D8D-89A9-416D-AE4F-300199D11ABA}.Debug|ARM.Deploy.0 = Debug|ARM
		{A8A13D8D-89A9-416D-AE4F-300199D11ABA}.Debug|iPhone.ActiveCfg = Debug|x86
		{A8A13D8D-89A9-416D-AE4F-300199D11ABA}.Debug|iPhoneSimulator.ActiveCfg = Debug|x86
		{A8A13D8D-89A9-416D-AE4F-300199D11ABA}.Debug|x64.ActiveCfg = Debug|x64
		{A8A13D8D-89A9-416D-AE4F-300199D11ABA}.Debug|x64.Build.0 = Debug|x64
		{A8A13D8D-89A9-416D-AE4F-300199D11ABA}.Debug|x64.Deploy.0 = Debug|x64
		{A8A13D8D-89A9-416D-AE4F-300199D11ABA}.Debug|x86.ActiveCfg = Debug|x86
		{A8A13D8D-89A9-416D-AE4F-300199D11ABA}.Debug|x86.Build.0 = Debug|x86
		{A8A13D8D-89A9-416D-AE4F-300199D11ABA}.Debug|x86.Deploy.0 = Debug|x86
		{A8A13D8D-89A9-416D-AE4F-300199D11ABA}.Release|Any CPU.ActiveCfg = Release|x86
		{A8A13D8D-89A9-416D-AE4F-300199D11ABA}.Release|ARM.ActiveCfg = Release|ARM
		{A8A13D8D-89A9-416D-AE4F-300199D11ABA}.Release|ARM.Build.0 = Release|ARM
		{A8A13D8D-89A9-416D-AE4F-300199D11ABA}.Release|ARM.Deploy.0 = Release|ARM
		{A8A13D8D-89A9-416D-AE4F-300199D11ABA}.Release|iPhone.ActiveCfg = Release|x86
		{A8A13D8D-89A9-416D-AE4F-300199D11ABA}.Release|iPhoneSimulator.ActiveCfg = Release|x86
		{A8A13D8D-89A9-416D-AE4F-300199D11ABA}.Release|x64.ActiveCfg = Release|x64
		{A8A13D8D-89A9-416D-AE4F-300199D11ABA}.Release|x64.Build.0 = Release|x64
		{A8A13D8D-89A9-416D-AE4F-300199D11ABA}.Release|x64.Deploy.0 = Release|x64
		{A8A13D8D-89A9-416D-AE4F-300199D11ABA}.Release|x86.ActiveCfg = Release|x86
		{A8A13D8D-89A9-416D-AE4F-300199D11ABA}.Release|x86.Build.0 = Release|x86
		{A8A13D8D-89A9-416D-AE4F-300199D11ABA}.Release|x86.Deploy.0 = Release|x86
	EndGlobalSection
	GlobalSection(SolutionProperties) = preSolution
		HideSolutionNode = FALSE
	EndGlobalSection
	GlobalSection(ExtensibilityGlobals) = postSolution
		SolutionGuid = {65458068-1955-4495-8B1B-E047791B91CB}
	EndGlobalSection
EndGlobal
